
Microsoft Visual Studio Solution File, Format Version 12.00
# Visual Studio Version 16
VisualStudioVersion = 16.0.31613.86
MinimumVisualStudioVersion = 10.0.40219.1
Project("{FAE04EC0-301F-11D3-BF4B-00C04F79EFBC}") = "PMS", "PMS\PMS.csproj", "{032A32F1-4825-439C-BCD7-B16CDCCFF47E}"
EndProject
Global
	GlobalSection(SolutionConfigurationPlatforms) = preSolution
		Debug|Any CPU = Debug|Any CPU
		Release|Any CPU = Release|Any CPU
	EndGlobalSection
	GlobalSection(ProjectConfigurationPlatforms) = postSolution
		{032A32F1-4825-439C-BCD7-B16CDCCFF47E}.Debug|Any CPU.ActiveCfg = Debug|Any CPU
		{032A32F1-4825-439C-BCD7-B16CDCCFF47E}.Debug|Any CPU.Build.0 = Debug|Any CPU
		{032A32F1-4825-439C-BCD7-B16CDCCFF47E}.Release|Any CPU.ActiveCfg = Release|Any CPU
		{032A32F1-4825-439C-BCD7-B16CDCCFF47E}.Release|Any CPU.Build.0 = Release|Any CPU
	EndGlobalSection
	GlobalSection(SolutionProperties) = preSolution
		HideSolutionNode = FALSE
	EndGlobalSection
	GlobalSection(ExtensibilityGlobals) = postSolution
		SolutionGuid = {CB7D31A4-DBDF-4E80-B6DD-5B9C6AEF1868}
	EndGlobalSection
EndGlobal
